// !$*UTF8*$!
{
	archiveVersion = 1;
	classes = {
	};
	objectVersion = 90;
	objects = {

/* Begin PBXBuildFile section */
		8F2FCAF62E2D3B5B00F8282B /* GameStreamKit in Frameworks */ = {isa = PBXBuildFile; productRef = 8F2FCAF52E2D3B5B00F8282B /* GameStreamKit */; };
		8F6C948B2E4DEF37002030FD /* Copus in Frameworks */ = {isa = PBXBuildFile; productRef = 8F6C948A2E4DEF37002030FD /* Copus */; };
		8F6C948D2E4DEF37002030FD /* Opus in Frameworks */ = {isa = PBXBuildFile; productRef = 8F6C948C2E4DEF37002030FD /* Opus */; };
		F74BEFA42C1A80E400224667 /* OpenSSL in Frameworks */ = {isa = PBXBuildFile; productRef = F74BEFA32C1A80E400224667 /* OpenSSL */; };
/* End PBXBuildFile section */

/* Begin PBXFileReference section */
		FB1A67532132419700507771 /* Selene.app */ = {isa = PBXFileReference; explicitFileType = wrapper.application; includeInIndex = 0; path = Selene.app; sourceTree = BUILT_PRODUCTS_DIR; };
/* End PBXFileReference section */

/* Begin PBXFileSystemSynchronizedBuildFileExceptionSet section */
		8F3045192E4E26020059EAA5 /* Exceptions for "Limelight" folder in "Selene" target */ = {
			isa = PBXFileSystemSynchronizedBuildFileExceptionSet;
			membershipExceptions = (
				App/AppDelegate.m,
				App/SceneDelegate.m,
				Crypto/CertificateGenerator.m,
				Crypto/CertificateManager.m,
				Crypto/CertificateSecret.m,
				Crypto/CryptoManager.m,
				Crypto/IdManager.m,
				Database/DataManager.m,
				Database/TemporaryApp.m,
				Database/TemporaryHost.m,
				Database/TemporarySettings.m,
				Input/Controller.m,
				Input/ControllerSupport.m,
				Input/HapticContext.m,
				Input/KeyboardSupport.m,
				Input/MouseSupport.m,
				Input/RemoteTouchHandler.m,
				Metal/MetalVideoRenderer.m,
				Metal/MetalView.m,
				Metal/MetalViewController.m,
				Metal/Shaders.metal,
				Network/AppList/AppAssetManager.m,
				Network/AppList/AppAssetRetriever.m,
				Network/ConnectionHelper.m,
				Network/Discovery/DiscoveryManager.m,
				Network/Discovery/DiscoveryWorker.m,
				Network/Discovery/MDNSManager.m,
				Network/Http/AppAssetResponse.m,
				Network/Http/AppListResponse.m,
				Network/Http/HttpManager.m,
				Network/Http/HttpRequest.m,
				Network/Http/HttpResponse.m,
				Network/Http/ServerInfoResponse.m,
				Network/PairManager.m,
				Network/WakeOnLanManager.m,
				Selene.xcdatamodeld,
				Stats/GraphRenderer.m,
				Stats/GraphView.m,
				Stats/PlotDefinition.m,
				Stats/PlotManager.m,
				Stream/AudioDecoderRenderer.m,
				Stream/Connection.m,
				Stream/StreamConfiguration.m,
				Stream/StreamManager.m,
				Stream/VideoDecoderRenderer.m,
				Utility/BandwidthTracker.m,
				Utility/FloatBuffer.m,
				Utility/Frame.m,
				Utility/FrameQueue.m,
				Utility/Logger.m,
				Utility/PaddedLabel.m,
				Utility/Utils.m,
				ViewControllers/LoadingFrameViewController.m,
				ViewControllers/MainFrameViewController.m,
				ViewControllers/StreamFrameViewController.m,
				Views/AppCollectionView.m,
				Views/ComputerScrollView.m,
				Views/StreamView.m,
				Views/UIAppView.m,
				Views/UIComputerView.m,
			);
			target = FB1A67522132419700507771 /* Selene */;
		};
		8F96DA0C2E4E102800EB596F /* Exceptions for "Selene" folder in "Selene" target */ = {
			isa = PBXFileSystemSynchronizedBuildFileExceptionSet;
			membershipExceptions = (
				Info.plist,
			);
			target = FB1A67522132419700507771 /* Selene */;
		};
/* End PBXFileSystemSynchronizedBuildFileExceptionSet section */

/* Begin PBXFileSystemSynchronizedRootGroup section */
		8F2FCB152E2D49BA00F8282B /* Selene */ = {
			isa = PBXFileSystemSynchronizedRootGroup;
			exceptions = (
				8F96DA0C2E4E102800EB596F /* Exceptions for "Selene" folder in "Selene" target */,
			);
			path = Selene;
			sourceTree = "<group>";
		};
		8F3044DB2E4E26020059EAA5 /* Limelight */ = {
			isa = PBXFileSystemSynchronizedRootGroup;
			exceptions = (
				8F3045192E4E26020059EAA5 /* Exceptions for "Limelight" folder in "Selene" target */,
			);
			path = Limelight;
			sourceTree = "<group>";
		};
/* End PBXFileSystemSynchronizedRootGroup section */

/* Begin PBXFrameworksBuildPhase section */
		FB1A67502132419700507771 /* Frameworks */ = {
			isa = PBXFrameworksBuildPhase;
			files = (
				F74BEFA42C1A80E400224667 /* OpenSSL in Frameworks */,
				8F2FCAF62E2D3B5B00F8282B /* GameStreamKit in Frameworks */,
				8F6C948D2E4DEF37002030FD /* Opus in Frameworks */,
				8F6C948B2E4DEF37002030FD /* Copus in Frameworks */,
			);
		};
/* End PBXFrameworksBuildPhase section */

/* Begin PBXGroup section */
		FB290CE519B2C406004C83CF = {
			isa = PBXGroup;
			children = (
				8F3044DB2E4E26020059EAA5 /* Limelight */,
				8F2FCB152E2D49BA00F8282B /* Selene */,
				FB290CEF19B2C406004C83CF /* Products */,
			);
			sourceTree = "<group>";
		};
		FB290CEF19B2C406004C83CF /* Products */ = {
			isa = PBXGroup;
			children = (
				FB1A67532132419700507771 /* Selene.app */,
			);
			name = Products;
			sourceTree = "<group>";
		};
/* End PBXGroup section */

/* Begin PBXNativeTarget section */
		FB1A67522132419700507771 /* Selene */ = {
			isa = PBXNativeTarget;
			buildConfigurationList = FB1A67682132419A00507771 /* Build configuration list for PBXNativeTarget "Selene" */;
			buildPhases = (
				FB1A674F2132419700507771 /* Sources */,
				FB1A67502132419700507771 /* Frameworks */,
				FB1A67512132419700507771 /* Resources */,
			);
			buildRules = (
			);
			fileSystemSynchronizedGroups = (
				8F2FCB152E2D49BA00F8282B /* Selene */,
			);
			name = Selene;
			packageProductDependencies = (
				F74BEFA32C1A80E400224667 /* OpenSSL */,
				8F2FCAF52E2D3B5B00F8282B /* GameStreamKit */,
				8F6C948A2E4DEF37002030FD /* Copus */,
				8F6C948C2E4DEF37002030FD /* Opus */,
			);
			productName = Selene;
			productReference = FB1A67532132419700507771 /* Selene.app */;
			productType = "com.apple.product-type.application";
		};
/* End PBXNativeTarget section */

/* Begin PBXProject section */
		FB290CE619B2C406004C83CF /* Project object */ = {
			isa = PBXProject;
			attributes = {
				BuildIndependentTargetsInParallel = YES;
				KnownAssetTags = (
					New,
				);
				LastSwiftUpdateCheck = 0730;
				LastUpgradeCheck = 1640;
				ORGANIZATIONNAME = "Selene Game Streaming Project";
				TargetAttributes = {
					FB1A67522132419700507771 = {
						CreatedOnToolsVersion = 9.4.1;
						LastSwiftMigration = 1140;
						ProvisioningStyle = Automatic;
						SystemCapabilities = {
							com.apple.GameControllers.appletvos = {
								enabled = 1;
							};
						};
					};
				};
			};
			buildConfigurationList = FB290CE919B2C406004C83CF /* Build configuration list for PBXProject "Selene" */;
			developmentRegion = en;
			hasScannedForEncodings = 0;
			knownRegions = (
				en,
				Base,
			);
			mainGroup = FB290CE519B2C406004C83CF;
			packageReferences = (
				F74BEF9A2C1A705600224667 /* XCRemoteSwiftPackageReference "OpenSSL-Package" */,
				8F2FCAF42E2D3B5B00F8282B /* XCLocalSwiftPackageReference "GameStreamKit" */,
				8F6C94892E4DEF37002030FD /* XCRemoteSwiftPackageReference "swift-opus" */,
			);
			preferredProjectObjectVersion = 90;
			productRefGroup = FB290CEF19B2C406004C83CF /* Products */;
			projectDirPath = "";
			projectRoot = "";
			targets = (
				FB1A67522132419700507771 /* Selene */,
			);
		};
/* End PBXProject section */

/* Begin PBXResourcesBuildPhase section */
		FB1A67512132419700507771 /* Resources */ = {
			isa = PBXResourcesBuildPhase;
			files = (
			);
		};
/* End PBXResourcesBuildPhase section */

/* Begin PBXSourcesBuildPhase section */
		FB1A674F2132419700507771 /* Sources */ = {
			isa = PBXSourcesBuildPhase;
			files = (
			);
		};
/* End PBXSourcesBuildPhase section */

/* Begin XCBuildConfiguration section */
		FB1A67662132419A00507771 /* Debug configuration for PBXNativeTarget "Selene" */ = {
			isa = XCBuildConfiguration;
			buildSettings = {
				ASSETCATALOG_COMPILER_APPICON_NAME = "App Icon & Top Shelf Image";
				ASSETCATALOG_COMPILER_LAUNCHIMAGE_NAME = "Launch Image";
				CODE_SIGN_STYLE = Automatic;
				CURRENT_PROJECT_VERSION = 1;
				GENERATE_INFOPLIST_FILE = YES;
				INFOPLIST_FILE = Selene/Info.plist;
				INFOPLIST_KEY_GCSupportsControllerUserInteraction = YES;
				INFOPLIST_KEY_GCSupportsGameMode = YES;
				INFOPLIST_KEY_LSApplicationCategoryType = "public.app-category.games";
				INFOPLIST_KEY_NSLocalNetworkUsageDescription = "Selene uses the local network to connect to your gaming PC for streaming.";
				INFOPLIST_KEY_UIApplicationSceneManifest_Generation = YES;
				INFOPLIST_KEY_UILaunchStoryboardName = LaunchScreen;
				INFOPLIST_KEY_UIMainStoryboardFile = Main;
				INFOPLIST_KEY_UIUserInterfaceStyle = Dark;
				LD_RUNPATH_SEARCH_PATHS = (
					"$(inherited)",
					"@executable_path/Frameworks",
				);
				MARKETING_VERSION = 1.0.0;
				PRODUCT_BUNDLE_IDENTIFIER = me.noebarlet.Selene;
				PRODUCT_NAME = "$(TARGET_NAME)";
				SWIFT_EMIT_LOC_STRINGS = YES;
				SWIFT_OBJC_BRIDGING_HEADER = "Limelight/Selene-Bridging-Header.h";
				SWIFT_OBJC_INTERFACE_HEADER_NAME = "Selene-Swift.h";
				SWIFT_OPTIMIZATION_LEVEL = "-Onone";
				SWIFT_VERSION = 5.0;
				TARGETED_DEVICE_FAMILY = 3;
			};
			name = Debug;
		};
		FB1A67672132419A00507771 /* Release configuration for PBXNativeTarget "Selene" */ = {
			isa = XCBuildConfiguration;
			buildSettings = {
				ASSETCATALOG_COMPILER_APPICON_NAME = "App Icon & Top Shelf Image";
				ASSETCATALOG_COMPILER_LAUNCHIMAGE_NAME = "Launch Image";
				CODE_SIGN_STYLE = Automatic;
				CURRENT_PROJECT_VERSION = 1;
				GENERATE_INFOPLIST_FILE = YES;
				INFOPLIST_FILE = Selene/Info.plist;
				INFOPLIST_KEY_GCSupportsControllerUserInteraction = YES;
				INFOPLIST_KEY_GCSupportsGameMode = YES;
				INFOPLIST_KEY_LSApplicationCategoryType = "public.app-category.games";
				INFOPLIST_KEY_NSLocalNetworkUsageDescription = "Selene uses the local network to connect to your gaming PC for streaming.";
				INFOPLIST_KEY_UIApplicationSceneManifest_Generation = YES;
				INFOPLIST_KEY_UILaunchStoryboardName = LaunchScreen;
				INFOPLIST_KEY_UIMainStoryboardFile = Main;
				INFOPLIST_KEY_UIUserInterfaceStyle = Dark;
				LD_RUNPATH_SEARCH_PATHS = (
					"$(inherited)",
					"@executable_path/Frameworks",
				);
				MARKETING_VERSION = 1.0.0;
				PRODUCT_BUNDLE_IDENTIFIER = me.noebarlet.Selene;
				PRODUCT_NAME = "$(TARGET_NAME)";
				SWIFT_COMPILATION_MODE = wholemodule;
				SWIFT_EMIT_LOC_STRINGS = YES;
				SWIFT_OBJC_BRIDGING_HEADER = "Limelight/Selene-Bridging-Header.h";
				SWIFT_OBJC_INTERFACE_HEADER_NAME = "Selene-Swift.h";
				SWIFT_VERSION = 5.0;
				TARGETED_DEVICE_FAMILY = 3;
			};
			name = Release;
		};
		FB290D1E19B2C406004C83CF /* Debug configuration for PBXProject "Selene" */ = {
			isa = XCBuildConfiguration;
			buildSettings = {
				ALWAYS_SEARCH_USER_PATHS = NO;
				ASSETCATALOG_COMPILER_GENERATE_SWIFT_ASSET_SYMBOL_EXTENSIONS = YES;
				CLANG_ANALYZER_NONNULL = YES;
				CLANG_ANALYZER_NUMBER_OBJECT_CONVERSION = YES_AGGRESSIVE;
				CLANG_CXX_LANGUAGE_STANDARD = "gnu++20";
				CLANG_ENABLE_MODULES = YES;
				CLANG_ENABLE_OBJC_ARC = YES;
				CLANG_ENABLE_OBJC_WEAK = YES;
				CLANG_WARN_BLOCK_CAPTURE_AUTORELEASING = YES;
				CLANG_WARN_BOOL_CONVERSION = YES;
				CLANG_WARN_COMMA = YES;
				CLANG_WARN_CONSTANT_CONVERSION = YES;
				CLANG_WARN_DEPRECATED_OBJC_IMPLEMENTATIONS = YES;
				CLANG_WARN_DIRECT_OBJC_ISA_USAGE = YES_ERROR;
				CLANG_WARN_DOCUMENTATION_COMMENTS = YES;
				CLANG_WARN_EMPTY_BODY = YES;
				CLANG_WARN_ENUM_CONVERSION = YES;
				CLANG_WARN_INFINITE_RECURSION = YES;
				CLANG_WARN_INT_CONVERSION = YES;
				CLANG_WARN_NON_LITERAL_NULL_CONVERSION = YES;
				CLANG_WARN_OBJC_IMPLICIT_RETAIN_SELF = YES;
				CLANG_WARN_OBJC_LITERAL_CONVERSION = YES;
				CLANG_WARN_OBJC_ROOT_CLASS = YES_ERROR;
				CLANG_WARN_QUOTED_INCLUDE_IN_FRAMEWORK_HEADER = YES;
				CLANG_WARN_RANGE_LOOP_ANALYSIS = YES;
				CLANG_WARN_STRICT_PROTOTYPES = YES;
				CLANG_WARN_SUSPICIOUS_MOVE = YES;
				CLANG_WARN_UNGUARDED_AVAILABILITY = YES_AGGRESSIVE;
				CLANG_WARN_UNREACHABLE_CODE = YES;
				CLANG_WARN__DUPLICATE_METHOD_MATCH = YES;
				COPY_PHASE_STRIP = NO;
				DEBUG_INFORMATION_FORMAT = dwarf;
				DEVELOPMENT_TEAM = 2B8H6LSHBD;
				ENABLE_STRICT_OBJC_MSGSEND = YES;
				ENABLE_TESTABILITY = YES;
				ENABLE_USER_SCRIPT_SANDBOXING = YES;
				GCC_C_LANGUAGE_STANDARD = gnu17;
				GCC_DYNAMIC_NO_PIC = NO;
				GCC_NO_COMMON_BLOCKS = YES;
				GCC_OPTIMIZATION_LEVEL = 0;
				GCC_PREPROCESSOR_DEFINITIONS = (
					"DEBUG=1",
					"$(inherited)",
				);
				GCC_WARN_64_TO_32_BIT_CONVERSION = YES;
				GCC_WARN_ABOUT_RETURN_TYPE = YES_ERROR;
				GCC_WARN_UNDECLARED_SELECTOR = YES;
				GCC_WARN_UNINITIALIZED_AUTOS = YES_AGGRESSIVE;
				GCC_WARN_UNUSED_FUNCTION = YES;
				GCC_WARN_UNUSED_VARIABLE = YES;
				LOCALIZATION_PREFERS_STRING_CATALOGS = YES;
				MTL_ENABLE_DEBUG_INFO = INCLUDE_SOURCE;
				ONLY_ACTIVE_ARCH = YES;
				SDKROOT = appletvos;
				SWIFT_OBJC_INTERFACE_HEADER_NAME = "";
				SWIFT_VERSION = 5.0;
				TVOS_DEPLOYMENT_TARGET = 18.5;
			};
			name = Debug;
		};
		FB290D1F19B2C406004C83CF /* Release configuration for PBXProject "Selene" */ = {
			isa = XCBuildConfiguration;
			buildSettings = {
				ALWAYS_SEARCH_USER_PATHS = NO;
				ASSETCATALOG_COMPILER_GENERATE_SWIFT_ASSET_SYMBOL_EXTENSIONS = YES;
				CLANG_ANALYZER_NONNULL = YES;
				CLANG_ANALYZER_NUMBER_OBJECT_CONVERSION = YES_AGGRESSIVE;
				CLANG_CXX_LANGUAGE_STANDARD = "gnu++20";
				CLANG_ENABLE_MODULES = YES;
				CLANG_ENABLE_OBJC_ARC = YES;
				CLANG_ENABLE_OBJC_WEAK = YES;
				CLANG_WARN_BLOCK_CAPTURE_AUTORELEASING = YES;
				CLANG_WARN_BOOL_CONVERSION = YES;
				CLANG_WARN_COMMA = YES;
				CLANG_WARN_CONSTANT_CONVERSION = YES;
				CLANG_WARN_DEPRECATED_OBJC_IMPLEMENTATIONS = YES;
				CLANG_WARN_DIRECT_OBJC_ISA_USAGE = YES_ERROR;
				CLANG_WARN_DOCUMENTATION_COMMENTS = YES;
				CLANG_WARN_EMPTY_BODY = YES;
				CLANG_WARN_ENUM_CONVERSION = YES;
				CLANG_WARN_INFINITE_RECURSION = YES;
				CLANG_WARN_INT_CONVERSION = YES;
				CLANG_WARN_NON_LITERAL_NULL_CONVERSION = YES;
				CLANG_WARN_OBJC_IMPLICIT_RETAIN_SELF = YES;
				CLANG_WARN_OBJC_LITERAL_CONVERSION = YES;
				CLANG_WARN_OBJC_ROOT_CLASS = YES_ERROR;
				CLANG_WARN_QUOTED_INCLUDE_IN_FRAMEWORK_HEADER = YES;
				CLANG_WARN_RANGE_LOOP_ANALYSIS = YES;
				CLANG_WARN_STRICT_PROTOTYPES = YES;
				CLANG_WARN_SUSPICIOUS_MOVE = YES;
				CLANG_WARN_UNGUARDED_AVAILABILITY = YES_AGGRESSIVE;
				CLANG_WARN_UNREACHABLE_CODE = YES;
				CLANG_WARN__DUPLICATE_METHOD_MATCH = YES;
				COPY_PHASE_STRIP = NO;
				DEVELOPMENT_TEAM = 2B8H6LSHBD;
				ENABLE_NS_ASSERTIONS = NO;
				ENABLE_STRICT_OBJC_MSGSEND = YES;
				ENABLE_USER_SCRIPT_SANDBOXING = YES;
				GCC_C_LANGUAGE_STANDARD = gnu17;
				GCC_NO_COMMON_BLOCKS = YES;
				GCC_PREPROCESSOR_DEFINITIONS = NDEBUG;
				GCC_WARN_64_TO_32_BIT_CONVERSION = YES;
				GCC_WARN_ABOUT_RETURN_TYPE = YES_ERROR;
				GCC_WARN_UNDECLARED_SELECTOR = YES;
				GCC_WARN_UNINITIALIZED_AUTOS = YES_AGGRESSIVE;
				GCC_WARN_UNUSED_FUNCTION = YES;
				GCC_WARN_UNUSED_VARIABLE = YES;
				LOCALIZATION_PREFERS_STRING_CATALOGS = YES;
				PROVISIONING_PROFILE = "";
				SDKROOT = appletvos;
				SWIFT_OBJC_INTERFACE_HEADER_NAME = "";
				SWIFT_VERSION = 5.0;
				TVOS_DEPLOYMENT_TARGET = 18.5;
				VALIDATE_PRODUCT = YES;
			};
			name = Release;
		};
/* End XCBuildConfiguration section */

/* Begin XCConfigurationList section */
		FB1A67682132419A00507771 /* Build configuration list for PBXNativeTarget "Selene" */ = {
			isa = XCConfigurationList;
			buildConfigurations = (
				FB1A67662132419A00507771 /* Debug configuration for PBXNativeTarget "Selene" */,
				FB1A67672132419A00507771 /* Release configuration for PBXNativeTarget "Selene" */,
			);
			defaultConfigurationName = Release;
		};
		FB290CE919B2C406004C83CF /* Build configuration list for PBXProject "Selene" */ = {
			isa = XCConfigurationList;
			buildConfigurations = (
				FB290D1E19B2C406004C83CF /* Debug configuration for PBXProject "Selene" */,
				FB290D1F19B2C406004C83CF /* Release configuration for PBXProject "Selene" */,
			);
			defaultConfigurationName = Release;
		};
/* End XCConfigurationList section */

/* Begin XCLocalSwiftPackageReference section */
		8F2FCAF42E2D3B5B00F8282B /* XCLocalSwiftPackageReference "GameStreamKit" */ = {
			isa = XCLocalSwiftPackageReference;
			relativePath = GameStreamKit;
		};
/* End XCLocalSwiftPackageReference section */

/* Begin XCRemoteSwiftPackageReference section */
		8F6C94892E4DEF37002030FD /* XCRemoteSwiftPackageReference "swift-opus" */ = {
			isa = XCRemoteSwiftPackageReference;
			repositoryURL = "https://github.com/alta/swift-opus";
			requirement = {
				branch = main;
				kind = branch;
			};
		};
		F74BEF9A2C1A705600224667 /* XCRemoteSwiftPackageReference "OpenSSL-Package" */ = {
			isa = XCRemoteSwiftPackageReference;
			repositoryURL = "https://github.com/krzyzanowskim/OpenSSL-Package.git";
			requirement = {
				kind = upToNextMajorVersion;
				minimumVersion = 3.3.3001;
			};
		};
/* End XCRemoteSwiftPackageReference section */

/* Begin XCSwiftPackageProductDependency section */
		8F2FCAF52E2D3B5B00F8282B /* GameStreamKit */ = {
			isa = XCSwiftPackageProductDependency;
			productName = GameStreamKit;
		};
		8F6C948A2E4DEF37002030FD /* Copus */ = {
			isa = XCSwiftPackageProductDependency;
			package = 8F6C94892E4DEF37002030FD /* XCRemoteSwiftPackageReference "swift-opus" */;
			productName = Copus;
		};
		8F6C948C2E4DEF37002030FD /* Opus */ = {
			isa = XCSwiftPackageProductDependency;
			package = 8F6C94892E4DEF37002030FD /* XCRemoteSwiftPackageReference "swift-opus" */;
			productName = Opus;
		};
		F74BEFA32C1A80E400224667 /* OpenSSL */ = {
			isa = XCSwiftPackageProductDependency;
			package = F74BEF9A2C1A705600224667 /* XCRemoteSwiftPackageReference "OpenSSL-Package" */;
			productName = OpenSSL;
		};
/* End XCSwiftPackageProductDependency section */
	};
	rootObject = FB290CE619B2C406004C83CF /* Project object */;
}
